// !$*UTF8*$!
{
	archiveVersion = 1;
	classes = {
	};
	objectVersion = 50;
	objects = {

/* Begin PBXBuildFile section */
		B6D3903451AF631A29212F97 /* Pods_StreamFlow.framework in Frameworks */ = {isa = PBXBuildFile; fileRef = 1606DC890D75B7D3185AED0F /* Pods_StreamFlow.framework */; };
		B7EF0993266075A700EBBF04 /* MovieDescrData.swift in Sources */ = {isa = PBXBuildFile; fileRef = B7EF0992266075A700EBBF04 /* MovieDescrData.swift */; };
		B7EF0995266141F100EBBF04 /* PlayerNetworkRequest.swift in Sources */ = {isa = PBXBuildFile; fileRef = B7EF0994266141F100EBBF04 /* PlayerNetworkRequest.swift */; };
		B7EF099726617A4B00EBBF04 /* PersonsData.swift in Sources */ = {isa = PBXBuildFile; fileRef = B7EF099626617A4B00EBBF04 /* PersonsData.swift */; };
		B7EF099B266184C900EBBF04 /* RelatedMoviesData.swift in Sources */ = {isa = PBXBuildFile; fileRef = B7EF099A266184C900EBBF04 /* RelatedMoviesData.swift */; };
		B7EF09C2266253F500EBBF04 /* DescrIconsController.swift in Sources */ = {isa = PBXBuildFile; fileRef = B7EF09C1266253F500EBBF04 /* DescrIconsController.swift */; };
		E21EA1B126481747003A1C5D /* SectionCell.swift in Sources */ = {isa = PBXBuildFile; fileRef = E21EA1AF26481747003A1C5D /* SectionCell.swift */; };
		E21EA1B226481747003A1C5D /* SectionCell.xib in Resources */ = {isa = PBXBuildFile; fileRef = E21EA1B026481747003A1C5D /* SectionCell.xib */; };
		E21EA1B526481780003A1C5D /* TitleCell.swift in Sources */ = {isa = PBXBuildFile; fileRef = E21EA1B326481780003A1C5D /* TitleCell.swift */; };
		E21EA1B626481780003A1C5D /* TitleCell.xib in Resources */ = {isa = PBXBuildFile; fileRef = E21EA1B426481780003A1C5D /* TitleCell.xib */; };
		E21EA1B8264837DA003A1C5D /* TableViewHome.swift in Sources */ = {isa = PBXBuildFile; fileRef = E21EA1B7264837DA003A1C5D /* TableViewHome.swift */; };
		E21EA1BB264839EF003A1C5D /* MovieData.swift in Sources */ = {isa = PBXBuildFile; fileRef = E21EA1BA264839EF003A1C5D /* MovieData.swift */; };
		E21EA1BE264879AE003A1C5D /* DataRequestManager.swift in Sources */ = {isa = PBXBuildFile; fileRef = E21EA1BD264879AE003A1C5D /* DataRequestManager.swift */; };
		E21EA1E0264B23C5003A1C5D /* MainTabBarController.swift in Sources */ = {isa = PBXBuildFile; fileRef = E21EA1DF264B23C5003A1C5D /* MainTabBarController.swift */; };
		E21EA1E2264B3BBE003A1C5D /* VideoUrlData.swift in Sources */ = {isa = PBXBuildFile; fileRef = E21EA1E1264B3BBE003A1C5D /* VideoUrlData.swift */; };
		E21EA1E5264C3907003A1C5D /* MovieListCollectionCell.swift in Sources */ = {isa = PBXBuildFile; fileRef = E21EA1E3264C3907003A1C5D /* MovieListCollectionCell.swift */; };
		E21EA1E6264C3907003A1C5D /* MovieListCollectionCell.xib in Resources */ = {isa = PBXBuildFile; fileRef = E21EA1E4264C3907003A1C5D /* MovieListCollectionCell.xib */; };
		E21EA1E9264CA1C3003A1C5D /* SectionNames.swift in Sources */ = {isa = PBXBuildFile; fileRef = E21EA1E8264CA1C3003A1C5D /* SectionNames.swift */; };
		E21EA26A26535379003A1C5D /* HomeNewtorkRequest.swift in Sources */ = {isa = PBXBuildFile; fileRef = E21EA26926535379003A1C5D /* HomeNewtorkRequest.swift */; };
		E21EA26C2655BFA6003A1C5D /* ErrorRequests.swift in Sources */ = {isa = PBXBuildFile; fileRef = E21EA26B2655BFA6003A1C5D /* ErrorRequests.swift */; };
		E2262C652645FB5A00BAB076 /* AppDelegate.swift in Sources */ = {isa = PBXBuildFile; fileRef = E2262C642645FB5A00BAB076 /* AppDelegate.swift */; };
		E2262C672645FB5A00BAB076 /* SceneDelegate.swift in Sources */ = {isa = PBXBuildFile; fileRef = E2262C662645FB5A00BAB076 /* SceneDelegate.swift */; };
		E2262C6C2645FB5A00BAB076 /* Main.storyboard in Resources */ = {isa = PBXBuildFile; fileRef = E2262C6A2645FB5A00BAB076 /* Main.storyboard */; };
		E2262C6E2645FB5D00BAB076 /* Assets.xcassets in Resources */ = {isa = PBXBuildFile; fileRef = E2262C6D2645FB5D00BAB076 /* Assets.xcassets */; };
		E2262C712645FB5D00BAB076 /* LaunchScreen.storyboard in Resources */ = {isa = PBXBuildFile; fileRef = E2262C6F2645FB5D00BAB076 /* LaunchScreen.storyboard */; };
		E2262C7D2646034100BAB076 /* CatalogController.swift in Sources */ = {isa = PBXBuildFile; fileRef = E2262C7C2646034100BAB076 /* CatalogController.swift */; };
		E2262C802646036100BAB076 /* SearchController.swift in Sources */ = {isa = PBXBuildFile; fileRef = E2262C7F2646036100BAB076 /* SearchController.swift */; };
		E2262C84264604B600BAB076 /* HomeController.swift in Sources */ = {isa = PBXBuildFile; fileRef = E2262C83264604B600BAB076 /* HomeController.swift */; };
		E2262C8726460D1100BAB076 /* PlayerController.swift in Sources */ = {isa = PBXBuildFile; fileRef = E2262C8626460D1100BAB076 /* PlayerController.swift */; };
		E26695A8265C0AF300F05FE5 /* OpenPlayerFromCell.swift in Sources */ = {isa = PBXBuildFile; fileRef = E26695A7265C0AF300F05FE5 /* OpenPlayerFromCell.swift */; };
		E26695AA265C0D3400F05FE5 /* NotificationKeys.swift in Sources */ = {isa = PBXBuildFile; fileRef = E26695A9265C0D3400F05FE5 /* NotificationKeys.swift */; };
/* End PBXBuildFile section */

/* Begin PBXFileReference section */
		1606DC890D75B7D3185AED0F /* Pods_StreamFlow.framework */ = {isa = PBXFileReference; explicitFileType = wrapper.framework; includeInIndex = 0; path = Pods_StreamFlow.framework; sourceTree = BUILT_PRODUCTS_DIR; };
		4178A452B85151DC8241CB1D /* Pods-StreamFlow.release.xcconfig */ = {isa = PBXFileReference; includeInIndex = 1; lastKnownFileType = text.xcconfig; name = "Pods-StreamFlow.release.xcconfig"; path = "Target Support Files/Pods-StreamFlow/Pods-StreamFlow.release.xcconfig"; sourceTree = "<group>"; };
		5C47CDFAE34998AF83701EB3 /* Pods-StreamFlow.debug.xcconfig */ = {isa = PBXFileReference; includeInIndex = 1; lastKnownFileType = text.xcconfig; name = "Pods-StreamFlow.debug.xcconfig"; path = "Target Support Files/Pods-StreamFlow/Pods-StreamFlow.debug.xcconfig"; sourceTree = "<group>"; };
		B7EF0992266075A700EBBF04 /* MovieDescrData.swift */ = {isa = PBXFileReference; lastKnownFileType = sourcecode.swift; path = MovieDescrData.swift; sourceTree = "<group>"; };
		B7EF0994266141F100EBBF04 /* PlayerNetworkRequest.swift */ = {isa = PBXFileReference; lastKnownFileType = sourcecode.swift; path = PlayerNetworkRequest.swift; sourceTree = "<group>"; };
		B7EF099626617A4B00EBBF04 /* PersonsData.swift */ = {isa = PBXFileReference; lastKnownFileType = sourcecode.swift; path = PersonsData.swift; sourceTree = "<group>"; };
		B7EF099A266184C900EBBF04 /* RelatedMoviesData.swift */ = {isa = PBXFileReference; lastKnownFileType = sourcecode.swift; path = RelatedMoviesData.swift; sourceTree = "<group>"; };
		B7EF09C1266253F500EBBF04 /* DescrIconsController.swift */ = {isa = PBXFileReference; lastKnownFileType = sourcecode.swift; path = DescrIconsController.swift; sourceTree = "<group>"; };
		E21EA1AF26481747003A1C5D /* SectionCell.swift */ = {isa = PBXFileReference; lastKnownFileType = sourcecode.swift; path = SectionCell.swift; sourceTree = "<group>"; };
		E21EA1B026481747003A1C5D /* SectionCell.xib */ = {isa = PBXFileReference; lastKnownFileType = file.xib; path = SectionCell.xib; sourceTree = "<group>"; };
		E21EA1B326481780003A1C5D /* TitleCell.swift */ = {isa = PBXFileReference; lastKnownFileType = sourcecode.swift; path = TitleCell.swift; sourceTree = "<group>"; };
		E21EA1B426481780003A1C5D /* TitleCell.xib */ = {isa = PBXFileReference; lastKnownFileType = file.xib; path = TitleCell.xib; sourceTree = "<group>"; };
		E21EA1B7264837DA003A1C5D /* TableViewHome.swift */ = {isa = PBXFileReference; lastKnownFileType = sourcecode.swift; path = TableViewHome.swift; sourceTree = "<group>"; };
		E21EA1BA264839EF003A1C5D /* MovieData.swift */ = {isa = PBXFileReference; lastKnownFileType = sourcecode.swift; path = MovieData.swift; sourceTree = "<group>"; };
		E21EA1BD264879AE003A1C5D /* DataRequestManager.swift */ = {isa = PBXFileReference; lastKnownFileType = sourcecode.swift; path = DataRequestManager.swift; sourceTree = "<group>"; };
		E21EA1DF264B23C5003A1C5D /* MainTabBarController.swift */ = {isa = PBXFileReference; lastKnownFileType = sourcecode.swift; name = MainTabBarController.swift; path = StreamFlow/MainTabBarController.swift; sourceTree = SOURCE_ROOT; };
		E21EA1E1264B3BBE003A1C5D /* VideoUrlData.swift */ = {isa = PBXFileReference; lastKnownFileType = sourcecode.swift; path = VideoUrlData.swift; sourceTree = "<group>"; };
		E21EA1E3264C3907003A1C5D /* MovieListCollectionCell.swift */ = {isa = PBXFileReference; lastKnownFileType = sourcecode.swift; path = MovieListCollectionCell.swift; sourceTree = "<group>"; };
		E21EA1E4264C3907003A1C5D /* MovieListCollectionCell.xib */ = {isa = PBXFileReference; lastKnownFileType = file.xib; path = MovieListCollectionCell.xib; sourceTree = "<group>"; };
		E21EA1E8264CA1C3003A1C5D /* SectionNames.swift */ = {isa = PBXFileReference; lastKnownFileType = sourcecode.swift; path = SectionNames.swift; sourceTree = "<group>"; };
		E21EA26926535379003A1C5D /* HomeNewtorkRequest.swift */ = {isa = PBXFileReference; lastKnownFileType = sourcecode.swift; path = HomeNewtorkRequest.swift; sourceTree = "<group>"; };
		E21EA26B2655BFA6003A1C5D /* ErrorRequests.swift */ = {isa = PBXFileReference; lastKnownFileType = sourcecode.swift; path = ErrorRequests.swift; sourceTree = "<group>"; };
		E2262C612645FB5A00BAB076 /* StreamFlow.app */ = {isa = PBXFileReference; explicitFileType = wrapper.application; includeInIndex = 0; path = StreamFlow.app; sourceTree = BUILT_PRODUCTS_DIR; };
		E2262C642645FB5A00BAB076 /* AppDelegate.swift */ = {isa = PBXFileReference; lastKnownFileType = sourcecode.swift; path = AppDelegate.swift; sourceTree = "<group>"; };
		E2262C662645FB5A00BAB076 /* SceneDelegate.swift */ = {isa = PBXFileReference; lastKnownFileType = sourcecode.swift; path = SceneDelegate.swift; sourceTree = "<group>"; };
		E2262C6B2645FB5A00BAB076 /* Base */ = {isa = PBXFileReference; lastKnownFileType = file.storyboard; name = Base; path = Base.lproj/Main.storyboard; sourceTree = "<group>"; };
		E2262C6D2645FB5D00BAB076 /* Assets.xcassets */ = {isa = PBXFileReference; lastKnownFileType = folder.assetcatalog; path = Assets.xcassets; sourceTree = "<group>"; };
		E2262C702645FB5D00BAB076 /* Base */ = {isa = PBXFileReference; lastKnownFileType = file.storyboard; name = Base; path = Base.lproj/LaunchScreen.storyboard; sourceTree = "<group>"; };
		E2262C722645FB5D00BAB076 /* Info.plist */ = {isa = PBXFileReference; lastKnownFileType = text.plist.xml; path = Info.plist; sourceTree = "<group>"; };
		E2262C7C2646034100BAB076 /* CatalogController.swift */ = {isa = PBXFileReference; lastKnownFileType = sourcecode.swift; path = CatalogController.swift; sourceTree = "<group>"; };
		E2262C7F2646036100BAB076 /* SearchController.swift */ = {isa = PBXFileReference; lastKnownFileType = sourcecode.swift; path = SearchController.swift; sourceTree = "<group>"; };
		E2262C83264604B600BAB076 /* HomeController.swift */ = {isa = PBXFileReference; lastKnownFileType = sourcecode.swift; path = HomeController.swift; sourceTree = "<group>"; };
		E2262C8626460D1100BAB076 /* PlayerController.swift */ = {isa = PBXFileReference; lastKnownFileType = sourcecode.swift; path = PlayerController.swift; sourceTree = "<group>"; };
		E26695A7265C0AF300F05FE5 /* OpenPlayerFromCell.swift */ = {isa = PBXFileReference; lastKnownFileType = sourcecode.swift; path = OpenPlayerFromCell.swift; sourceTree = "<group>"; };
		E26695A9265C0D3400F05FE5 /* NotificationKeys.swift */ = {isa = PBXFileReference; lastKnownFileType = sourcecode.swift; path = NotificationKeys.swift; sourceTree = "<group>"; };
/* End PBXFileReference section */

/* Begin PBXFrameworksBuildPhase section */
		E2262C5E2645FB5A00BAB076 /* Frameworks */ = {
			isa = PBXFrameworksBuildPhase;
			buildActionMask = 2147483647;
			files = (
				B6D3903451AF631A29212F97 /* Pods_StreamFlow.framework in Frameworks */,
			);
			runOnlyForDeploymentPostprocessing = 0;
		};
/* End PBXFrameworksBuildPhase section */

/* Begin PBXGroup section */
		0B0E632360A9E0B70F0A24CE /* Pods */ = {
			isa = PBXGroup;
			children = (
				5C47CDFAE34998AF83701EB3 /* Pods-StreamFlow.debug.xcconfig */,
				4178A452B85151DC8241CB1D /* Pods-StreamFlow.release.xcconfig */,
			);
			name = Pods;
			path = Pods;
			sourceTree = "<group>";
		};
		B7EF09BE26624B1100EBBF04 /* PlayerController */ = {
			isa = PBXGroup;
			children = (
				E2262C8626460D1100BAB076 /* PlayerController.swift */,
				B7EF09C1266253F500EBBF04 /* DescrIconsController.swift */,
			);
			path = PlayerController;
			sourceTree = "<group>";
		};
		B7EF09F82664159B00EBBF04 /* CatalogController */ = {
			isa = PBXGroup;
			children = (
				E2262C7C2646034100BAB076 /* CatalogController.swift */,
			);
			path = CatalogController;
			sourceTree = "<group>";
		};
		B7EF09F9266415B400EBBF04 /* SearchController */ = {
			isa = PBXGroup;
			children = (
				E2262C7F2646036100BAB076 /* SearchController.swift */,
			);
			path = SearchController;
			sourceTree = "<group>";
		};
		CECDD026973E5F0DE088D92B /* Frameworks */ = {
			isa = PBXGroup;
			children = (
				1606DC890D75B7D3185AED0F /* Pods_StreamFlow.framework */,
			);
			name = Frameworks;
			sourceTree = "<group>";
		};
		E21EA1AD26481650003A1C5D /* HomeController */ = {
			isa = PBXGroup;
			children = (
				E2262C83264604B600BAB076 /* HomeController.swift */,
				E21EA1B7264837DA003A1C5D /* TableViewHome.swift */,
				E26695A7265C0AF300F05FE5 /* OpenPlayerFromCell.swift */,
				E21EA1AE26481706003A1C5D /* TableCells */,
			);
			path = HomeController;
			sourceTree = "<group>";
		};
		E21EA1AE26481706003A1C5D /* TableCells */ = {
			isa = PBXGroup;
			children = (
				E21EA212264EF533003A1C5D /* TitleCell */,
				E21EA213264EF54D003A1C5D /* SectionCell */,
			);
			path = TableCells;
			sourceTree = "<group>";
		};
		E21EA1B926483968003A1C5D /* DataModels */ = {
			isa = PBXGroup;
			children = (
				E21EA1BA264839EF003A1C5D /* MovieData.swift */,
				E21EA1E1264B3BBE003A1C5D /* VideoUrlData.swift */,
				E21EA1E8264CA1C3003A1C5D /* SectionNames.swift */,
				B7EF0992266075A700EBBF04 /* MovieDescrData.swift */,
				B7EF099626617A4B00EBBF04 /* PersonsData.swift */,
				B7EF099A266184C900EBBF04 /* RelatedMoviesData.swift */,
			);
			path = DataModels;
			sourceTree = "<group>";
		};
		E21EA1BC2648798E003A1C5D /* DataManager */ = {
			isa = PBXGroup;
			children = (
				E21EA1BD264879AE003A1C5D /* DataRequestManager.swift */,
				E21EA26926535379003A1C5D /* HomeNewtorkRequest.swift */,
				E21EA26B2655BFA6003A1C5D /* ErrorRequests.swift */,
				B7EF0994266141F100EBBF04 /* PlayerNetworkRequest.swift */,
			);
			path = DataManager;
			sourceTree = "<group>";
		};
		E21EA1E7264C390D003A1C5D /* CollectionCells */ = {
			isa = PBXGroup;
			children = (
				E21EA1E3264C3907003A1C5D /* MovieListCollectionCell.swift */,
				E21EA1E4264C3907003A1C5D /* MovieListCollectionCell.xib */,
			);
			path = CollectionCells;
			sourceTree = "<group>";
		};
		E21EA212264EF533003A1C5D /* TitleCell */ = {
			isa = PBXGroup;
			children = (
				E21EA1B326481780003A1C5D /* TitleCell.swift */,
				E21EA1B426481780003A1C5D /* TitleCell.xib */,
			);
			path = TitleCell;
			sourceTree = "<group>";
		};
		E21EA213264EF54D003A1C5D /* SectionCell */ = {
			isa = PBXGroup;
			children = (
				E21EA1AF26481747003A1C5D /* SectionCell.swift */,
				E21EA1B026481747003A1C5D /* SectionCell.xib */,
				E21EA1E7264C390D003A1C5D /* CollectionCells */,
			);
			path = SectionCell;
			sourceTree = "<group>";
		};
		E2262C582645FB5A00BAB076 = {
			isa = PBXGroup;
			children = (
				E2262C632645FB5A00BAB076 /* StreamFlow */,
				E2262C622645FB5A00BAB076 /* Products */,
				0B0E632360A9E0B70F0A24CE /* Pods */,
				CECDD026973E5F0DE088D92B /* Frameworks */,
			);
			sourceTree = "<group>";
		};
		E2262C622645FB5A00BAB076 /* Products */ = {
			isa = PBXGroup;
			children = (
				E2262C612645FB5A00BAB076 /* StreamFlow.app */,
			);
			name = Products;
			sourceTree = "<group>";
		};
		E2262C632645FB5A00BAB076 /* StreamFlow */ = {
			isa = PBXGroup;
			children = (
				E26695AB265C0D4500F05FE5 /* Utilities */,
				E26695AC265C0D5C00F05FE5 /* Storyboards */,
				E2262C7A264602E300BAB076 /* Controllers */,
				E21EA1B926483968003A1C5D /* DataModels */,
				E21EA1BC2648798E003A1C5D /* DataManager */,
				E2262C6D2645FB5D00BAB076 /* Assets.xcassets */,
				E2262C722645FB5D00BAB076 /* Info.plist */,
			);
			path = StreamFlow;
			sourceTree = "<group>";
		};
		E2262C7A264602E300BAB076 /* Controllers */ = {
			isa = PBXGroup;
			children = (
				B7EF09F9266415B400EBBF04 /* SearchController */,
				B7EF09F82664159B00EBBF04 /* CatalogController */,
				E21EA1DF264B23C5003A1C5D /* MainTabBarController.swift */,
				E21EA1AD26481650003A1C5D /* HomeController */,
				B7EF09BE26624B1100EBBF04 /* PlayerController */,
			);
			path = Controllers;
			sourceTree = "<group>";
		};
		E26695AB265C0D4500F05FE5 /* Utilities */ = {
			isa = PBXGroup;
			children = (
				E2262C642645FB5A00BAB076 /* AppDelegate.swift */,
				E2262C662645FB5A00BAB076 /* SceneDelegate.swift */,
				E26695A9265C0D3400F05FE5 /* NotificationKeys.swift */,
			);
			path = Utilities;
			sourceTree = "<group>";
		};
		E26695AC265C0D5C00F05FE5 /* Storyboards */ = {
			isa = PBXGroup;
			children = (
				E2262C6A2645FB5A00BAB076 /* Main.storyboard */,
				E2262C6F2645FB5D00BAB076 /* LaunchScreen.storyboard */,
			);
			path = Storyboards;
			sourceTree = "<group>";
		};
/* End PBXGroup section */

/* Begin PBXNativeTarget section */
		E2262C602645FB5A00BAB076 /* StreamFlow */ = {
			isa = PBXNativeTarget;
			buildConfigurationList = E2262C752645FB5D00BAB076 /* Build configuration list for PBXNativeTarget "StreamFlow" */;
			buildPhases = (
				FFDAFE22975114EBA2BEB20B /* [CP] Check Pods Manifest.lock */,
				E2262C5D2645FB5A00BAB076 /* Sources */,
				E2262C5E2645FB5A00BAB076 /* Frameworks */,
				E2262C5F2645FB5A00BAB076 /* Resources */,
				6D56CCB65116D13D66B99687 /* [CP] Embed Pods Frameworks */,
			);
			buildRules = (
			);
			dependencies = (
			);
			name = StreamFlow;
			productName = StreamFlow;
			productReference = E2262C612645FB5A00BAB076 /* StreamFlow.app */;
			productType = "com.apple.product-type.application";
		};
/* End PBXNativeTarget section */

/* Begin PBXProject section */
		E2262C592645FB5A00BAB076 /* Project object */ = {
			isa = PBXProject;
			attributes = {
				LastSwiftUpdateCheck = 1240;
				LastUpgradeCheck = 1240;
				TargetAttributes = {
					E2262C602645FB5A00BAB076 = {
						CreatedOnToolsVersion = 12.4;
					};
				};
			};
			buildConfigurationList = E2262C5C2645FB5A00BAB076 /* Build configuration list for PBXProject "StreamFlow" */;
			compatibilityVersion = "Xcode 9.3";
			developmentRegion = en;
			hasScannedForEncodings = 0;
			knownRegions = (
				en,
				Base,
			);
			mainGroup = E2262C582645FB5A00BAB076;
			productRefGroup = E2262C622645FB5A00BAB076 /* Products */;
			projectDirPath = "";
			projectRoot = "";
			targets = (
				E2262C602645FB5A00BAB076 /* StreamFlow */,
			);
		};
/* End PBXProject section */

/* Begin PBXResourcesBuildPhase section */
		E2262C5F2645FB5A00BAB076 /* Resources */ = {
			isa = PBXResourcesBuildPhase;
			buildActionMask = 2147483647;
			files = (
				E21EA1B226481747003A1C5D /* SectionCell.xib in Resources */,
				E2262C712645FB5D00BAB076 /* LaunchScreen.storyboard in Resources */,
				E2262C6E2645FB5D00BAB076 /* Assets.xcassets in Resources */,
				E2262C6C2645FB5A00BAB076 /* Main.storyboard in Resources */,
				E21EA1E6264C3907003A1C5D /* MovieListCollectionCell.xib in Resources */,
				E21EA1B626481780003A1C5D /* TitleCell.xib in Resources */,
			);
			runOnlyForDeploymentPostprocessing = 0;
		};
/* End PBXResourcesBuildPhase section */

/* Begin PBXShellScriptBuildPhase section */
		6D56CCB65116D13D66B99687 /* [CP] Embed Pods Frameworks */ = {
			isa = PBXShellScriptBuildPhase;
			buildActionMask = 2147483647;
			files = (
			);
			inputFileListPaths = (
				"${PODS_ROOT}/Target Support Files/Pods-StreamFlow/Pods-StreamFlow-frameworks-${CONFIGURATION}-input-files.xcfilelist",
			);
			name = "[CP] Embed Pods Frameworks";
			outputFileListPaths = (
				"${PODS_ROOT}/Target Support Files/Pods-StreamFlow/Pods-StreamFlow-frameworks-${CONFIGURATION}-output-files.xcfilelist",
			);
			runOnlyForDeploymentPostprocessing = 0;
			shellPath = /bin/sh;
			shellScript = "\"${PODS_ROOT}/Target Support Files/Pods-StreamFlow/Pods-StreamFlow-frameworks.sh\"\n";
			showEnvVarsInLog = 0;
		};
		FFDAFE22975114EBA2BEB20B /* [CP] Check Pods Manifest.lock */ = {
			isa = PBXShellScriptBuildPhase;
			buildActionMask = 2147483647;
			files = (
			);
			inputFileListPaths = (
			);
			inputPaths = (
				"${PODS_PODFILE_DIR_PATH}/Podfile.lock",
				"${PODS_ROOT}/Manifest.lock",
			);
			name = "[CP] Check Pods Manifest.lock";
			outputFileListPaths = (
			);
			outputPaths = (
				"$(DERIVED_FILE_DIR)/Pods-StreamFlow-checkManifestLockResult.txt",
			);
			runOnlyForDeploymentPostprocessing = 0;
			shellPath = /bin/sh;
			shellScript = "diff \"${PODS_PODFILE_DIR_PATH}/Podfile.lock\" \"${PODS_ROOT}/Manifest.lock\" > /dev/null\nif [ $? != 0 ] ; then\n    # print error to STDERR\n    echo \"error: The sandbox is not in sync with the Podfile.lock. Run 'pod install' or update your CocoaPods installation.\" >&2\n    exit 1\nfi\n# This output is used by Xcode 'outputs' to avoid re-running this script phase.\necho \"SUCCESS\" > \"${SCRIPT_OUTPUT_FILE_0}\"\n";
			showEnvVarsInLog = 0;
		};
/* End PBXShellScriptBuildPhase section */

/* Begin PBXSourcesBuildPhase section */
		E2262C5D2645FB5A00BAB076 /* Sources */ = {
			isa = PBXSourcesBuildPhase;
			buildActionMask = 2147483647;
			files = (
				E2262C802646036100BAB076 /* SearchController.swift in Sources */,
				E26695AA265C0D3400F05FE5 /* NotificationKeys.swift in Sources */,
				E21EA1E9264CA1C3003A1C5D /* SectionNames.swift in Sources */,
				E2262C7D2646034100BAB076 /* CatalogController.swift in Sources */,
				E21EA1E0264B23C5003A1C5D /* MainTabBarController.swift in Sources */,
				E21EA1BE264879AE003A1C5D /* DataRequestManager.swift in Sources */,
				E21EA26C2655BFA6003A1C5D /* ErrorRequests.swift in Sources */,
				E21EA1B126481747003A1C5D /* SectionCell.swift in Sources */,
				E2262C8726460D1100BAB076 /* PlayerController.swift in Sources */,
				E21EA1B526481780003A1C5D /* TitleCell.swift in Sources */,
				B7EF099726617A4B00EBBF04 /* PersonsData.swift in Sources */,
				B7EF0993266075A700EBBF04 /* MovieDescrData.swift in Sources */,
				E21EA1E2264B3BBE003A1C5D /* VideoUrlData.swift in Sources */,
				E21EA1E5264C3907003A1C5D /* MovieListCollectionCell.swift in Sources */,
				B7EF09C2266253F500EBBF04 /* DescrIconsController.swift in Sources */,
				B7EF099B266184C900EBBF04 /* RelatedMoviesData.swift in Sources */,
				E26695A8265C0AF300F05FE5 /* OpenPlayerFromCell.swift in Sources */,
				E21EA1B8264837DA003A1C5D /* TableViewHome.swift in Sources */,
				E2262C652645FB5A00BAB076 /* AppDelegate.swift in Sources */,
				E2262C672645FB5A00BAB076 /* SceneDelegate.swift in Sources */,
				E21EA1BB264839EF003A1C5D /* MovieData.swift in Sources */,
				B7EF0995266141F100EBBF04 /* PlayerNetworkRequest.swift in Sources */,
				E2262C84264604B600BAB076 /* HomeController.swift in Sources */,
				E21EA26A26535379003A1C5D /* HomeNewtorkRequest.swift in Sources */,
			);
			runOnlyForDeploymentPostprocessing = 0;
		};
/* End PBXSourcesBuildPhase section */

/* Begin PBXVariantGroup section */
		E2262C6A2645FB5A00BAB076 /* Main.storyboard */ = {
			isa = PBXVariantGroup;
			children = (
				E2262C6B2645FB5A00BAB076 /* Base */,
			);
			name = Main.storyboard;
			sourceTree = "<group>";
		};
		E2262C6F2645FB5D00BAB076 /* LaunchScreen.storyboard */ = {
			isa = PBXVariantGroup;
			children = (
				E2262C702645FB5D00BAB076 /* Base */,
			);
			name = LaunchScreen.storyboard;
			sourceTree = "<group>";
		};
/* End PBXVariantGroup section */

/* Begin XCBuildConfiguration section */
		E2262C732645FB5D00BAB076 /* Debug */ = {
			isa = XCBuildConfiguration;
			buildSettings = {
				ALWAYS_SEARCH_USER_PATHS = NO;
				CLANG_ANALYZER_NONNULL = YES;
				CLANG_ANALYZER_NUMBER_OBJECT_CONVERSION = YES_AGGRESSIVE;
				CLANG_CXX_LANGUAGE_STANDARD = "gnu++14";
				CLANG_CXX_LIBRARY = "libc++";
				CLANG_ENABLE_MODULES = YES;
				CLANG_ENABLE_OBJC_ARC = YES;
				CLANG_ENABLE_OBJC_WEAK = YES;
				CLANG_WARN_BLOCK_CAPTURE_AUTORELEASING = YES;
				CLANG_WARN_BOOL_CONVERSION = YES;
				CLANG_WARN_COMMA = YES;
				CLANG_WARN_CONSTANT_CONVERSION = YES;
				CLANG_WARN_DEPRECATED_OBJC_IMPLEMENTATIONS = YES;
				CLANG_WARN_DIRECT_OBJC_ISA_USAGE = YES_ERROR;
				CLANG_WARN_DOCUMENTATION_COMMENTS = YES;
				CLANG_WARN_EMPTY_BODY = YES;
				CLANG_WARN_ENUM_CONVERSION = YES;
				CLANG_WARN_INFINITE_RECURSION = YES;
				CLANG_WARN_INT_CONVERSION = YES;
				CLANG_WARN_NON_LITERAL_NULL_CONVERSION = YES;
				CLANG_WARN_OBJC_IMPLICIT_RETAIN_SELF = YES;
				CLANG_WARN_OBJC_LITERAL_CONVERSION = YES;
				CLANG_WARN_OBJC_ROOT_CLASS = YES_ERROR;
				CLANG_WARN_QUOTED_INCLUDE_IN_FRAMEWORK_HEADER = YES;
				CLANG_WARN_RANGE_LOOP_ANALYSIS = YES;
				CLANG_WARN_STRICT_PROTOTYPES = YES;
				CLANG_WARN_SUSPICIOUS_MOVE = YES;
				CLANG_WARN_UNGUARDED_AVAILABILITY = YES_AGGRESSIVE;
				CLANG_WARN_UNREACHABLE_CODE = YES;
				CLANG_WARN__DUPLICATE_METHOD_MATCH = YES;
				COPY_PHASE_STRIP = NO;
				DEBUG_INFORMATION_FORMAT = dwarf;
				ENABLE_STRICT_OBJC_MSGSEND = YES;
				ENABLE_TESTABILITY = YES;
				GCC_C_LANGUAGE_STANDARD = gnu11;
				GCC_DYNAMIC_NO_PIC = NO;
				GCC_NO_COMMON_BLOCKS = YES;
				GCC_OPTIMIZATION_LEVEL = 0;
				GCC_PREPROCESSOR_DEFINITIONS = (
					"DEBUG=1",
					"$(inherited)",
				);
				GCC_WARN_64_TO_32_BIT_CONVERSION = YES;
				GCC_WARN_ABOUT_RETURN_TYPE = YES_ERROR;
				GCC_WARN_UNDECLARED_SELECTOR = YES;
				GCC_WARN_UNINITIALIZED_AUTOS = YES_AGGRESSIVE;
				GCC_WARN_UNUSED_FUNCTION = YES;
				GCC_WARN_UNUSED_VARIABLE = YES;
				IPHONEOS_DEPLOYMENT_TARGET = 14.4;
				MTL_ENABLE_DEBUG_INFO = INCLUDE_SOURCE;
				MTL_FAST_MATH = YES;
				ONLY_ACTIVE_ARCH = YES;
				SDKROOT = iphoneos;
				SWIFT_ACTIVE_COMPILATION_CONDITIONS = DEBUG;
				SWIFT_OPTIMIZATION_LEVEL = "-Onone";
			};
			name = Debug;
		};
		E2262C742645FB5D00BAB076 /* Release */ = {
			isa = XCBuildConfiguration;
			buildSettings = {
				ALWAYS_SEARCH_USER_PATHS = NO;
				CLANG_ANALYZER_NONNULL = YES;
				CLANG_ANALYZER_NUMBER_OBJECT_CONVERSION = YES_AGGRESSIVE;
				CLANG_CXX_LANGUAGE_STANDARD = "gnu++14";
				CLANG_CXX_LIBRARY = "libc++";
				CLANG_ENABLE_MODULES = YES;
				CLANG_ENABLE_OBJC_ARC = YES;
				CLANG_ENABLE_OBJC_WEAK = YES;
				CLANG_WARN_BLOCK_CAPTURE_AUTORELEASING = YES;
				CLANG_WARN_BOOL_CONVERSION = YES;
				CLANG_WARN_COMMA = YES;
				CLANG_WARN_CONSTANT_CONVERSION = YES;
				CLANG_WARN_DEPRECATED_OBJC_IMPLEMENTATIONS = YES;
				CLANG_WARN_DIRECT_OBJC_ISA_USAGE = YES_ERROR;
				CLANG_WARN_DOCUMENTATION_COMMENTS = YES;
				CLANG_WARN_EMPTY_BODY = YES;
				CLANG_WARN_ENUM_CONVERSION = YES;
				CLANG_WARN_INFINITE_RECURSION = YES;
				CLANG_WARN_INT_CONVERSION = YES;
				CLANG_WARN_NON_LITERAL_NULL_CONVERSION = YES;
				CLANG_WARN_OBJC_IMPLICIT_RETAIN_SELF = YES;
				CLANG_WARN_OBJC_LITERAL_CONVERSION = YES;
				CLANG_WARN_OBJC_ROOT_CLASS = YES_ERROR;
				CLANG_WARN_QUOTED_INCLUDE_IN_FRAMEWORK_HEADER = YES;
				CLANG_WARN_RANGE_LOOP_ANALYSIS = YES;
				CLANG_WARN_STRICT_PROTOTYPES = YES;
				CLANG_WARN_SUSPICIOUS_MOVE = YES;
				CLANG_WARN_UNGUARDED_AVAILABILITY = YES_AGGRESSIVE;
				CLANG_WARN_UNREACHABLE_CODE = YES;
				CLANG_WARN__DUPLICATE_METHOD_MATCH = YES;
				COPY_PHASE_STRIP = NO;
				DEBUG_INFORMATION_FORMAT = "dwarf-with-dsym";
				ENABLE_NS_ASSERTIONS = NO;
				ENABLE_STRICT_OBJC_MSGSEND = YES;
				GCC_C_LANGUAGE_STANDARD = gnu11;
				GCC_NO_COMMON_BLOCKS = YES;
				GCC_WARN_64_TO_32_BIT_CONVERSION = YES;
				GCC_WARN_ABOUT_RETURN_TYPE = YES_ERROR;
				GCC_WARN_UNDECLARED_SELECTOR = YES;
				GCC_WARN_UNINITIALIZED_AUTOS = YES_AGGRESSIVE;
				GCC_WARN_UNUSED_FUNCTION = YES;
				GCC_WARN_UNUSED_VARIABLE = YES;
				IPHONEOS_DEPLOYMENT_TARGET = 14.4;
				MTL_ENABLE_DEBUG_INFO = NO;
				MTL_FAST_MATH = YES;
				SDKROOT = iphoneos;
				SWIFT_COMPILATION_MODE = wholemodule;
				SWIFT_OPTIMIZATION_LEVEL = "-O";
				VALIDATE_PRODUCT = YES;
			};
			name = Release;
		};
		E2262C762645FB5D00BAB076 /* Debug */ = {
			isa = XCBuildConfiguration;
			baseConfigurationReference = 5C47CDFAE34998AF83701EB3 /* Pods-StreamFlow.debug.xcconfig */;
			buildSettings = {
				ASSETCATALOG_COMPILER_APPICON_NAME = AppIcon;
				ASSETCATALOG_COMPILER_GLOBAL_ACCENT_COLOR_NAME = AccentColor;
				CODE_SIGN_STYLE = Automatic;
				DEVELOPMENT_TEAM = L8HZA33L39;
				INFOPLIST_FILE = StreamFlow/Info.plist;
				LD_RUNPATH_SEARCH_PATHS = (
					"$(inherited)",
					"@executable_path/Frameworks",
				);
				PRODUCT_BUNDLE_IDENTIFIER = com.ilomi.StreamFlow;
				PRODUCT_NAME = "$(TARGET_NAME)";
				SWIFT_VERSION = 5.0;
				TARGETED_DEVICE_FAMILY = "1,2";
			};
			name = Debug;
		};
		E2262C772645FB5D00BAB076 /* Release */ = {
			isa = XCBuildConfiguration;
			baseConfigurationReference = 4178A452B85151DC8241CB1D /* Pods-StreamFlow.release.xcconfig */;
			buildSettings = {
				ASSETCATALOG_COMPILER_APPICON_NAME = AppIcon;
				ASSETCATALOG_COMPILER_GLOBAL_ACCENT_COLOR_NAME = AccentColor;
				CODE_SIGN_STYLE = Automatic;
				DEVELOPMENT_TEAM = L8HZA33L39;
				INFOPLIST_FILE = StreamFlow/Info.plist;
				LD_RUNPATH_SEARCH_PATHS = (
					"$(inherited)",
					"@executable_path/Frameworks",
				);
				PRODUCT_BUNDLE_IDENTIFIER = com.ilomi.StreamFlow;
				PRODUCT_NAME = "$(TARGET_NAME)";
				SWIFT_VERSION = 5.0;
				TARGETED_DEVICE_FAMILY = "1,2";
			};
			name = Release;
		};
/* End XCBuildConfiguration section */

/* Begin XCConfigurationList section */
		E2262C5C2645FB5A00BAB076 /* Build configuration list for PBXProject "StreamFlow" */ = {
			isa = XCConfigurationList;
			buildConfigurations = (
				E2262C732645FB5D00BAB076 /* Debug */,
				E2262C742645FB5D00BAB076 /* Release */,
			);
			defaultConfigurationIsVisible = 0;
			defaultConfigurationName = Release;
		};
		E2262C752645FB5D00BAB076 /* Build configuration list for PBXNativeTarget "StreamFlow" */ = {
			isa = XCConfigurationList;
			buildConfigurations = (
				E2262C762645FB5D00BAB076 /* Debug */,
				E2262C772645FB5D00BAB076 /* Release */,
			);
			defaultConfigurationIsVisible = 0;
			defaultConfigurationName = Release;
		};
/* End XCConfigurationList section */
	};
	rootObject = E2262C592645FB5A00BAB076 /* Project object */;
}
